
Microsoft Visual Studio Solution File, Format Version 12.00
# Visual Studio Version 17
VisualStudioVersion = 17.12.35527.113
MinimumVisualStudioVersion = 10.0.40219.1
Project("{2150E333-8FDC-42A3-9474-1A3956D46DE8}") = "Catalog", "Catalog", "{99B210D3-E0D6-4DAE-8C14-E6AC85D83285}"
EndProject
Project("{FAE04EC0-301F-11D3-BF4B-00C04F79EFBC}") = "DAL", "DAL\DAL.csproj", "{0231BE6C-125F-4201-BFA9-C7214913B5C6}"
EndProject
Project("{FAE04EC0-301F-11D3-BF4B-00C04F79EFBC}") = "DAL.Tests", "DAL.Tests\DAL.Tests.csproj", "{CE3267EF-AD53-4494-A11D-A9320B17AE47}"
EndProject
Project("{FAE04EC0-301F-11D3-BF4B-00C04F79EFBC}") = "BLL", "BLL\BLL.csproj", "{F9229499-1CAD-47FD-A5F4-DCA8D639EFD5}"
EndProject
Project("{FAE04EC0-301F-11D3-BF4B-00C04F79EFBC}") = "CCL", "CCL\CCL.csproj", "{E44B9C4E-AB00-48BE-933F-5FFE81397DD2}"
EndProject
Project("{FAE04EC0-301F-11D3-BF4B-00C04F79EFBC}") = "BLL.Tests", "BLL.Tests\BLL.Tests.csproj", "{95A46FB6-BAAA-4C0E-B2F5-4A22D8E3F488}"
EndProject
Global
	GlobalSection(SolutionConfigurationPlatforms) = preSolution
		Debug|Any CPU = Debug|Any CPU
		Release|Any CPU = Release|Any CPU
	EndGlobalSection
	GlobalSection(ProjectConfigurationPlatforms) = postSolution
		{0231BE6C-125F-4201-BFA9-C7214913B5C6}.Debug|Any CPU.ActiveCfg = Debug|Any CPU
		{0231BE6C-125F-4201-BFA9-C7214913B5C6}.Debug|Any CPU.Build.0 = Debug|Any CPU
		{0231BE6C-125F-4201-BFA9-C7214913B5C6}.Release|Any CPU.ActiveCfg = Release|Any CPU
		{0231BE6C-125F-4201-BFA9-C7214913B5C6}.Release|Any CPU.Build.0 = Release|Any CPU
		{CE3267EF-AD53-4494-A11D-A9320B17AE47}.Debug|Any CPU.ActiveCfg = Debug|Any CPU
		{CE3267EF-AD53-4494-A11D-A9320B17AE47}.Debug|Any CPU.Build.0 = Debug|Any CPU
		{CE3267EF-AD53-4494-A11D-A9320B17AE47}.Release|Any CPU.ActiveCfg = Release|Any CPU
		{CE3267EF-AD53-4494-A11D-A9320B17AE47}.Release|Any CPU.Build.0 = Release|Any CPU
		{F9229499-1CAD-47FD-A5F4-DCA8D639EFD5}.Debug|Any CPU.ActiveCfg = Debug|Any CPU
		{F9229499-1CAD-47FD-A5F4-DCA8D639EFD5}.Debug|Any CPU.Build.0 = Debug|Any CPU
		{F9229499-1CAD-47FD-A5F4-DCA8D639EFD5}.Release|Any CPU.ActiveCfg = Release|Any CPU
		{F9229499-1CAD-47FD-A5F4-DCA8D639EFD5}.Release|Any CPU.Build.0 = Release|Any CPU
		{E44B9C4E-AB00-48BE-933F-5FFE81397DD2}.Debug|Any CPU.ActiveCfg = Debug|Any CPU
		{E44B9C4E-AB00-48BE-933F-5FFE81397DD2}.Debug|Any CPU.Build.0 = Debug|Any CPU
		{E44B9C4E-AB00-48BE-933F-5FFE81397DD2}.Release|Any CPU.ActiveCfg = Release|Any CPU
		{E44B9C4E-AB00-48BE-933F-5FFE81397DD2}.Release|Any CPU.Build.0 = Release|Any CPU
		{95A46FB6-BAAA-4C0E-B2F5-4A22D8E3F488}.Debug|Any CPU.ActiveCfg = Debug|Any CPU
		{95A46FB6-BAAA-4C0E-B2F5-4A22D8E3F488}.Debug|Any CPU.Build.0 = Debug|Any CPU
		{95A46FB6-BAAA-4C0E-B2F5-4A22D8E3F488}.Release|Any CPU.ActiveCfg = Release|Any CPU
		{95A46FB6-BAAA-4C0E-B2F5-4A22D8E3F488}.Release|Any CPU.Build.0 = Release|Any CPU
	EndGlobalSection
	GlobalSection(SolutionProperties) = preSolution
		HideSolutionNode = FALSE
	EndGlobalSection
	GlobalSection(NestedProjects) = preSolution
		{0231BE6C-125F-4201-BFA9-C7214913B5C6} = {99B210D3-E0D6-4DAE-8C14-E6AC85D83285}
		{CE3267EF-AD53-4494-A11D-A9320B17AE47} = {99B210D3-E0D6-4DAE-8C14-E6AC85D83285}
		{F9229499-1CAD-47FD-A5F4-DCA8D639EFD5} = {99B210D3-E0D6-4DAE-8C14-E6AC85D83285}
		{E44B9C4E-AB00-48BE-933F-5FFE81397DD2} = {99B210D3-E0D6-4DAE-8C14-E6AC85D83285}
		{95A46FB6-BAAA-4C0E-B2F5-4A22D8E3F488} = {99B210D3-E0D6-4DAE-8C14-E6AC85D83285}
	EndGlobalSection
EndGlobal
